// !$*UTF8*$!
{
	archiveVersion = 1;
	classes = {
	};
	objectVersion = 46;
	objects = {

/* Begin PBXBuildFile section */
		5C5E8D0B1E8A19670074CD26 /* main.cpp in Sources */ = {isa = PBXBuildFile; fileRef = 5C5E8D0A1E8A19670074CD26 /* main.cpp */; };
		5C5E8D111E8A19F60074CD26 /* Product.cpp in Sources */ = {isa = PBXBuildFile; fileRef = 5C5E8D0F1E8A19F60074CD26 /* Product.cpp */; };
		5C5E8D141E8A1BA30074CD26 /* ConcreteProductA.cpp in Sources */ = {isa = PBXBuildFile; fileRef = 5C5E8D121E8A1BA30074CD26 /* ConcreteProductA.cpp */; };
		5C5E8D171E8A1CDC0074CD26 /* ConcreteProductB.cpp in Sources */ = {isa = PBXBuildFile; fileRef = 5C5E8D151E8A1CDC0074CD26 /* ConcreteProductB.cpp */; };
		5C5E8D1A1E8A1DFB0074CD26 /* Factory.cpp in Sources */ = {isa = PBXBuildFile; fileRef = 5C5E8D181E8A1DFB0074CD26 /* Factory.cpp */; };
		5CA1478C1E8CA2850099E0B3 /* main.cpp in Sources */ = {isa = PBXBuildFile; fileRef = 5CA1478B1E8CA2850099E0B3 /* main.cpp */; };
		5CA147921E8CA29E0099E0B3 /* Product.cpp in Sources */ = {isa = PBXBuildFile; fileRef = 5CA147901E8CA29E0099E0B3 /* Product.cpp */; };
		5CA147951E8CA3F60099E0B3 /* Builder.cpp in Sources */ = {isa = PBXBuildFile; fileRef = 5CA147931E8CA3F60099E0B3 /* Builder.cpp */; };
		5CA147981E8CA4D70099E0B3 /* Director.cpp in Sources */ = {isa = PBXBuildFile; fileRef = 5CA147961E8CA4D70099E0B3 /* Director.cpp */; };
		5CA1479B1E8CA62B0099E0B3 /* ConcreteBuilder.cpp in Sources */ = {isa = PBXBuildFile; fileRef = 5CA147991E8CA62B0099E0B3 /* ConcreteBuilder.cpp */; };
		5CCC095C1E89644700BFC39B /* main.cpp in Sources */ = {isa = PBXBuildFile; fileRef = 5CCC095B1E89644700BFC39B /* main.cpp */; };
		5CD714D01E8A257E00B2BEF3 /* main.cpp in Sources */ = {isa = PBXBuildFile; fileRef = 5CD714CF1E8A257E00B2BEF3 /* main.cpp */; };
		5CD714D61E8A259700B2BEF3 /* Product.cpp in Sources */ = {isa = PBXBuildFile; fileRef = 5CD714D41E8A259700B2BEF3 /* Product.cpp */; };
		5CD714D91E8A269F00B2BEF3 /* ConcreteProduct.cpp in Sources */ = {isa = PBXBuildFile; fileRef = 5CD714D71E8A269F00B2BEF3 /* ConcreteProduct.cpp */; };
		5CD714DC1E8A27E800B2BEF3 /* Factory.cpp in Sources */ = {isa = PBXBuildFile; fileRef = 5CD714DA1E8A27E800B2BEF3 /* Factory.cpp */; };
		5CD714DF1E8A29FA00B2BEF3 /* ConcreteFactory.cpp in Sources */ = {isa = PBXBuildFile; fileRef = 5CD714DD1E8A29FA00B2BEF3 /* ConcreteFactory.cpp */; };
/* End PBXBuildFile section */

/* Begin PBXCopyFilesBuildPhase section */
		5C5E8D061E8A19670074CD26 /* CopyFiles */ = {
			isa = PBXCopyFilesBuildPhase;
			buildActionMask = 2147483647;
			dstPath = /usr/share/man/man1/;
			dstSubfolderSpec = 0;
			files = (
			);
			runOnlyForDeploymentPostprocessing = 1;
		};
		5CA147871E8CA2850099E0B3 /* CopyFiles */ = {
			isa = PBXCopyFilesBuildPhase;
			buildActionMask = 2147483647;
			dstPath = /usr/share/man/man1/;
			dstSubfolderSpec = 0;
			files = (
			);
			runOnlyForDeploymentPostprocessing = 1;
		};
		5CCC09561E89644700BFC39B /* CopyFiles */ = {
			isa = PBXCopyFilesBuildPhase;
			buildActionMask = 2147483647;
			dstPath = /usr/share/man/man1/;
			dstSubfolderSpec = 0;
			files = (
			);
			runOnlyForDeploymentPostprocessing = 1;
		};
		5CD714CB1E8A257E00B2BEF3 /* CopyFiles */ = {
			isa = PBXCopyFilesBuildPhase;
			buildActionMask = 2147483647;
			dstPath = /usr/share/man/man1/;
			dstSubfolderSpec = 0;
			files = (
			);
			runOnlyForDeploymentPostprocessing = 1;
		};
/* End PBXCopyFilesBuildPhase section */

/* Begin PBXFileReference section */
		5C5E8D081E8A19670074CD26 /* 01SImpleFactory */ = {isa = PBXFileReference; explicitFileType = "compiled.mach-o.executable"; includeInIndex = 0; path = 01SImpleFactory; sourceTree = BUILT_PRODUCTS_DIR; };
		5C5E8D0A1E8A19670074CD26 /* main.cpp */ = {isa = PBXFileReference; lastKnownFileType = sourcecode.cpp.cpp; path = main.cpp; sourceTree = "<group>"; };
		5C5E8D0F1E8A19F60074CD26 /* Product.cpp */ = {isa = PBXFileReference; fileEncoding = 4; lastKnownFileType = sourcecode.cpp.cpp; path = Product.cpp; sourceTree = "<group>"; };
		5C5E8D101E8A19F60074CD26 /* Product.hpp */ = {isa = PBXFileReference; fileEncoding = 4; lastKnownFileType = sourcecode.cpp.h; path = Product.hpp; sourceTree = "<group>"; };
		5C5E8D121E8A1BA30074CD26 /* ConcreteProductA.cpp */ = {isa = PBXFileReference; fileEncoding = 4; lastKnownFileType = sourcecode.cpp.cpp; path = ConcreteProductA.cpp; sourceTree = "<group>"; };
		5C5E8D131E8A1BA30074CD26 /* ConcreteProductA.hpp */ = {isa = PBXFileReference; fileEncoding = 4; lastKnownFileType = sourcecode.cpp.h; path = ConcreteProductA.hpp; sourceTree = "<group>"; };
		5C5E8D151E8A1CDC0074CD26 /* ConcreteProductB.cpp */ = {isa = PBXFileReference; fileEncoding = 4; lastKnownFileType = sourcecode.cpp.cpp; path = ConcreteProductB.cpp; sourceTree = "<group>"; };
		5C5E8D161E8A1CDC0074CD26 /* ConcreteProductB.hpp */ = {isa = PBXFileReference; fileEncoding = 4; lastKnownFileType = sourcecode.cpp.h; path = ConcreteProductB.hpp; sourceTree = "<group>"; };
		5C5E8D181E8A1DFB0074CD26 /* Factory.cpp */ = {isa = PBXFileReference; fileEncoding = 4; lastKnownFileType = sourcecode.cpp.cpp; path = Factory.cpp; sourceTree = "<group>"; };
		5C5E8D191E8A1DFB0074CD26 /* Factory.hpp */ = {isa = PBXFileReference; fileEncoding = 4; lastKnownFileType = sourcecode.cpp.h; path = Factory.hpp; sourceTree = "<group>"; };
		5CA147891E8CA2850099E0B3 /* 03builder */ = {isa = PBXFileReference; explicitFileType = "compiled.mach-o.executable"; includeInIndex = 0; path = 03builder; sourceTree = BUILT_PRODUCTS_DIR; };
		5CA1478B1E8CA2850099E0B3 /* main.cpp */ = {isa = PBXFileReference; lastKnownFileType = sourcecode.cpp.cpp; path = main.cpp; sourceTree = "<group>"; };
		5CA147901E8CA29E0099E0B3 /* Product.cpp */ = {isa = PBXFileReference; fileEncoding = 4; lastKnownFileType = sourcecode.cpp.cpp; path = Product.cpp; sourceTree = "<group>"; };
		5CA147911E8CA29E0099E0B3 /* Product.hpp */ = {isa = PBXFileReference; fileEncoding = 4; lastKnownFileType = sourcecode.cpp.h; path = Product.hpp; sourceTree = "<group>"; };
		5CA147931E8CA3F60099E0B3 /* Builder.cpp */ = {isa = PBXFileReference; fileEncoding = 4; lastKnownFileType = sourcecode.cpp.cpp; path = Builder.cpp; sourceTree = "<group>"; };
		5CA147941E8CA3F60099E0B3 /* Builder.hpp */ = {isa = PBXFileReference; fileEncoding = 4; lastKnownFileType = sourcecode.cpp.h; path = Builder.hpp; sourceTree = "<group>"; };
		5CA147961E8CA4D70099E0B3 /* Director.cpp */ = {isa = PBXFileReference; fileEncoding = 4; lastKnownFileType = sourcecode.cpp.cpp; path = Director.cpp; sourceTree = "<group>"; };
		5CA147971E8CA4D70099E0B3 /* Director.hpp */ = {isa = PBXFileReference; fileEncoding = 4; lastKnownFileType = sourcecode.cpp.h; path = Director.hpp; sourceTree = "<group>"; };
		5CA147991E8CA62B0099E0B3 /* ConcreteBuilder.cpp */ = {isa = PBXFileReference; fileEncoding = 4; lastKnownFileType = sourcecode.cpp.cpp; path = ConcreteBuilder.cpp; sourceTree = "<group>"; };
		5CA1479A1E8CA62B0099E0B3 /* ConcreteBuilder.hpp */ = {isa = PBXFileReference; fileEncoding = 4; lastKnownFileType = sourcecode.cpp.h; path = ConcreteBuilder.hpp; sourceTree = "<group>"; };
		5CCC09581E89644700BFC39B /* DesignPattern */ = {isa = PBXFileReference; explicitFileType = "compiled.mach-o.executable"; includeInIndex = 0; path = DesignPattern; sourceTree = BUILT_PRODUCTS_DIR; };
		5CCC095B1E89644700BFC39B /* main.cpp */ = {isa = PBXFileReference; lastKnownFileType = sourcecode.cpp.cpp; path = main.cpp; sourceTree = "<group>"; };
		5CD714CD1E8A257E00B2BEF3 /* 02FactoryMethod */ = {isa = PBXFileReference; explicitFileType = "compiled.mach-o.executable"; includeInIndex = 0; path = 02FactoryMethod; sourceTree = BUILT_PRODUCTS_DIR; };
		5CD714CF1E8A257E00B2BEF3 /* main.cpp */ = {isa = PBXFileReference; lastKnownFileType = sourcecode.cpp.cpp; path = main.cpp; sourceTree = "<group>"; };
		5CD714D41E8A259700B2BEF3 /* Product.cpp */ = {isa = PBXFileReference; fileEncoding = 4; lastKnownFileType = sourcecode.cpp.cpp; path = Product.cpp; sourceTree = "<group>"; };
		5CD714D51E8A259700B2BEF3 /* Product.hpp */ = {isa = PBXFileReference; fileEncoding = 4; lastKnownFileType = sourcecode.cpp.h; path = Product.hpp; sourceTree = "<group>"; };
		5CD714D71E8A269F00B2BEF3 /* ConcreteProduct.cpp */ = {isa = PBXFileReference; fileEncoding = 4; lastKnownFileType = sourcecode.cpp.cpp; path = ConcreteProduct.cpp; sourceTree = "<group>"; };
		5CD714D81E8A269F00B2BEF3 /* ConcreteProduct.hpp */ = {isa = PBXFileReference; fileEncoding = 4; lastKnownFileType = sourcecode.cpp.h; path = ConcreteProduct.hpp; sourceTree = "<group>"; };
		5CD714DA1E8A27E800B2BEF3 /* Factory.cpp */ = {isa = PBXFileReference; fileEncoding = 4; lastKnownFileType = sourcecode.cpp.cpp; path = Factory.cpp; sourceTree = "<group>"; };
		5CD714DB1E8A27E800B2BEF3 /* Factory.hpp */ = {isa = PBXFileReference; fileEncoding = 4; lastKnownFileType = sourcecode.cpp.h; path = Factory.hpp; sourceTree = "<group>"; };
		5CD714DD1E8A29FA00B2BEF3 /* ConcreteFactory.cpp */ = {isa = PBXFileReference; fileEncoding = 4; lastKnownFileType = sourcecode.cpp.cpp; path = ConcreteFactory.cpp; sourceTree = "<group>"; };
		5CD714DE1E8A29FA00B2BEF3 /* ConcreteFactory.hpp */ = {isa = PBXFileReference; fileEncoding = 4; lastKnownFileType = sourcecode.cpp.h; path = ConcreteFactory.hpp; sourceTree = "<group>"; };
/* End PBXFileReference section */

/* Begin PBXFrameworksBuildPhase section */
		5C5E8D051E8A19670074CD26 /* Frameworks */ = {
			isa = PBXFrameworksBuildPhase;
			buildActionMask = 2147483647;
			files = (
			);
			runOnlyForDeploymentPostprocessing = 0;
		};
		5CA147861E8CA2850099E0B3 /* Frameworks */ = {
			isa = PBXFrameworksBuildPhase;
			buildActionMask = 2147483647;
			files = (
			);
			runOnlyForDeploymentPostprocessing = 0;
		};
		5CCC09551E89644700BFC39B /* Frameworks */ = {
			isa = PBXFrameworksBuildPhase;
			buildActionMask = 2147483647;
			files = (
			);
			runOnlyForDeploymentPostprocessing = 0;
		};
		5CD714CA1E8A257E00B2BEF3 /* Frameworks */ = {
			isa = PBXFrameworksBuildPhase;
			buildActionMask = 2147483647;
			files = (
			);
			runOnlyForDeploymentPostprocessing = 0;
		};
/* End PBXFrameworksBuildPhase section */

/* Begin PBXGroup section */
		5C5E8D091E8A19670074CD26 /* 01SImpleFactory */ = {
			isa = PBXGroup;
			children = (
				5C5E8D0A1E8A19670074CD26 /* main.cpp */,
				5C5E8D0F1E8A19F60074CD26 /* Product.cpp */,
				5C5E8D101E8A19F60074CD26 /* Product.hpp */,
				5C5E8D121E8A1BA30074CD26 /* ConcreteProductA.cpp */,
				5C5E8D131E8A1BA30074CD26 /* ConcreteProductA.hpp */,
				5C5E8D151E8A1CDC0074CD26 /* ConcreteProductB.cpp */,
				5C5E8D161E8A1CDC0074CD26 /* ConcreteProductB.hpp */,
				5C5E8D181E8A1DFB0074CD26 /* Factory.cpp */,
				5C5E8D191E8A1DFB0074CD26 /* Factory.hpp */,
			);
			path = 01SImpleFactory;
			sourceTree = "<group>";
		};
		5CA1478A1E8CA2850099E0B3 /* 03builder */ = {
			isa = PBXGroup;
			children = (
				5CA1478B1E8CA2850099E0B3 /* main.cpp */,
				5CA147901E8CA29E0099E0B3 /* Product.cpp */,
				5CA147911E8CA29E0099E0B3 /* Product.hpp */,
				5CA147931E8CA3F60099E0B3 /* Builder.cpp */,
				5CA147941E8CA3F60099E0B3 /* Builder.hpp */,
				5CA147961E8CA4D70099E0B3 /* Director.cpp */,
				5CA147971E8CA4D70099E0B3 /* Director.hpp */,
				5CA147991E8CA62B0099E0B3 /* ConcreteBuilder.cpp */,
				5CA1479A1E8CA62B0099E0B3 /* ConcreteBuilder.hpp */,
			);
			path = 03builder;
			sourceTree = "<group>";
		};
		5CCC094F1E89644700BFC39B = {
			isa = PBXGroup;
			children = (
				5CCC095A1E89644700BFC39B /* DesignPattern */,
				5C5E8D091E8A19670074CD26 /* 01SImpleFactory */,
				5CD714CE1E8A257E00B2BEF3 /* 02FactoryMethod */,
				5CA1478A1E8CA2850099E0B3 /* 03builder */,
				5CCC09591E89644700BFC39B /* Products */,
			);
			sourceTree = "<group>";
		};
		5CCC09591E89644700BFC39B /* Products */ = {
			isa = PBXGroup;
			children = (
				5CCC09581E89644700BFC39B /* DesignPattern */,
				5C5E8D081E8A19670074CD26 /* 01SImpleFactory */,
				5CD714CD1E8A257E00B2BEF3 /* 02FactoryMethod */,
				5CA147891E8CA2850099E0B3 /* 03builder */,
			);
			name = Products;
			sourceTree = "<group>";
		};
		5CCC095A1E89644700BFC39B /* DesignPattern */ = {
			isa = PBXGroup;
			children = (
				5CCC095B1E89644700BFC39B /* main.cpp */,
			);
			path = DesignPattern;
			sourceTree = "<group>";
		};
		5CD714CE1E8A257E00B2BEF3 /* 02FactoryMethod */ = {
			isa = PBXGroup;
			children = (
				5CD714CF1E8A257E00B2BEF3 /* main.cpp */,
				5CD714D41E8A259700B2BEF3 /* Product.cpp */,
				5CD714D51E8A259700B2BEF3 /* Product.hpp */,
				5CD714D71E8A269F00B2BEF3 /* ConcreteProduct.cpp */,
				5CD714D81E8A269F00B2BEF3 /* ConcreteProduct.hpp */,
				5CD714DA1E8A27E800B2BEF3 /* Factory.cpp */,
				5CD714DB1E8A27E800B2BEF3 /* Factory.hpp */,
				5CD714DD1E8A29FA00B2BEF3 /* ConcreteFactory.cpp */,
				5CD714DE1E8A29FA00B2BEF3 /* ConcreteFactory.hpp */,
			);
			path = 02FactoryMethod;
			sourceTree = "<group>";
		};
/* End PBXGroup section */

/* Begin PBXNativeTarget section */
		5C5E8D071E8A19670074CD26 /* 01SImpleFactory */ = {
			isa = PBXNativeTarget;
			buildConfigurationList = 5C5E8D0E1E8A19670074CD26 /* Build configuration list for PBXNativeTarget "01SImpleFactory" */;
			buildPhases = (
				5C5E8D041E8A19670074CD26 /* Sources */,
				5C5E8D051E8A19670074CD26 /* Frameworks */,
				5C5E8D061E8A19670074CD26 /* CopyFiles */,
			);
			buildRules = (
			);
			dependencies = (
			);
			name = 01SImpleFactory;
			productName = 01SImpleFactory;
			productReference = 5C5E8D081E8A19670074CD26 /* 01SImpleFactory */;
			productType = "com.apple.product-type.tool";
		};
		5CA147881E8CA2850099E0B3 /* 03builder */ = {
			isa = PBXNativeTarget;
			buildConfigurationList = 5CA1478F1E8CA2850099E0B3 /* Build configuration list for PBXNativeTarget "03builder" */;
			buildPhases = (
				5CA147851E8CA2850099E0B3 /* Sources */,
				5CA147861E8CA2850099E0B3 /* Frameworks */,
				5CA147871E8CA2850099E0B3 /* CopyFiles */,
			);
			buildRules = (
			);
			dependencies = (
			);
			name = 03builder;
			productName = 03builder;
			productReference = 5CA147891E8CA2850099E0B3 /* 03builder */;
			productType = "com.apple.product-type.tool";
		};
		5CCC09571E89644700BFC39B /* DesignPattern */ = {
			isa = PBXNativeTarget;
			buildConfigurationList = 5CCC095F1E89644700BFC39B /* Build configuration list for PBXNativeTarget "DesignPattern" */;
			buildPhases = (
				5CCC09541E89644700BFC39B /* Sources */,
				5CCC09551E89644700BFC39B /* Frameworks */,
				5CCC09561E89644700BFC39B /* CopyFiles */,
			);
			buildRules = (
			);
			dependencies = (
			);
			name = DesignPattern;
			productName = DesignPattern;
			productReference = 5CCC09581E89644700BFC39B /* DesignPattern */;
			productType = "com.apple.product-type.tool";
		};
		5CD714CC1E8A257E00B2BEF3 /* 02FactoryMethod */ = {
			isa = PBXNativeTarget;
			buildConfigurationList = 5CD714D31E8A257E00B2BEF3 /* Build configuration list for PBXNativeTarget "02FactoryMethod" */;
			buildPhases = (
				5CD714C91E8A257E00B2BEF3 /* Sources */,
				5CD714CA1E8A257E00B2BEF3 /* Frameworks */,
				5CD714CB1E8A257E00B2BEF3 /* CopyFiles */,
			);
			buildRules = (
			);
			dependencies = (
			);
			name = 02FactoryMethod;
			productName = 02FactoryMethod;
			productReference = 5CD714CD1E8A257E00B2BEF3 /* 02FactoryMethod */;
			productType = "com.apple.product-type.tool";
		};
/* End PBXNativeTarget section */

/* Begin PBXProject section */
		5CCC09501E89644700BFC39B /* Project object */ = {
			isa = PBXProject;
			attributes = {
				LastUpgradeCheck = 0820;
				ORGANIZATIONNAME = "王志远";
				TargetAttributes = {
					5C5E8D071E8A19670074CD26 = {
						CreatedOnToolsVersion = 8.2.1;
						DevelopmentTeam = 7C42L52533;
						ProvisioningStyle = Automatic;
					};
					5CA147881E8CA2850099E0B3 = {
						CreatedOnToolsVersion = 8.2.1;
						DevelopmentTeam = 7C42L52533;
						ProvisioningStyle = Automatic;
					};
					5CCC09571E89644700BFC39B = {
						CreatedOnToolsVersion = 8.2.1;
						DevelopmentTeam = 7C42L52533;
						ProvisioningStyle = Automatic;
					};
					5CD714CC1E8A257E00B2BEF3 = {
						CreatedOnToolsVersion = 8.2.1;
						DevelopmentTeam = 7C42L52533;
						ProvisioningStyle = Automatic;
					};
				};
			};
			buildConfigurationList = 5CCC09531E89644700BFC39B /* Build configuration list for PBXProject "DesignPattern" */;
			compatibilityVersion = "Xcode 3.2";
			developmentRegion = English;
			hasScannedForEncodings = 0;
			knownRegions = (
				en,
			);
			mainGroup = 5CCC094F1E89644700BFC39B;
			productRefGroup = 5CCC09591E89644700BFC39B /* Products */;
			projectDirPath = "";
			projectRoot = "";
			targets = (
				5CCC09571E89644700BFC39B /* DesignPattern */,
				5C5E8D071E8A19670074CD26 /* 01SImpleFactory */,
				5CD714CC1E8A257E00B2BEF3 /* 02FactoryMethod */,
				5CA147881E8CA2850099E0B3 /* 03builder */,
			);
		};
/* End PBXProject section */

/* Begin PBXSourcesBuildPhase section */
		5C5E8D041E8A19670074CD26 /* Sources */ = {
			isa = PBXSourcesBuildPhase;
			buildActionMask = 2147483647;
			files = (
				5C5E8D141E8A1BA30074CD26 /* ConcreteProductA.cpp in Sources */,
				5C5E8D0B1E8A19670074CD26 /* main.cpp in Sources */,
				5C5E8D1A1E8A1DFB0074CD26 /* Factory.cpp in Sources */,
				5C5E8D111E8A19F60074CD26 /* Product.cpp in Sources */,
				5C5E8D171E8A1CDC0074CD26 /* ConcreteProductB.cpp in Sources */,
			);
			runOnlyForDeploymentPostprocessing = 0;
		};
		5CA147851E8CA2850099E0B3 /* Sources */ = {
			isa = PBXSourcesBuildPhase;
			buildActionMask = 2147483647;
			files = (
				5CA1478C1E8CA2850099E0B3 /* main.cpp in Sources */,
				5CA1479B1E8CA62B0099E0B3 /* ConcreteBuilder.cpp in Sources */,
				5CA147981E8CA4D70099E0B3 /* Director.cpp in Sources */,
				5CA147921E8CA29E0099E0B3 /* Product.cpp in Sources */,
				5CA147951E8CA3F60099E0B3 /* Builder.cpp in Sources */,
			);
			runOnlyForDeploymentPostprocessing = 0;
		};
		5CCC09541E89644700BFC39B /* Sources */ = {
			isa = PBXSourcesBuildPhase;
			buildActionMask = 2147483647;
			files = (
				5CCC095C1E89644700BFC39B /* main.cpp in Sources */,
			);
			runOnlyForDeploymentPostprocessing = 0;
		};
		5CD714C91E8A257E00B2BEF3 /* Sources */ = {
			isa = PBXSourcesBuildPhase;
			buildActionMask = 2147483647;
			files = (
				5CD714DC1E8A27E800B2BEF3 /* Factory.cpp in Sources */,
				5CD714D01E8A257E00B2BEF3 /* main.cpp in Sources */,
				5CD714DF1E8A29FA00B2BEF3 /* ConcreteFactory.cpp in Sources */,
				5CD714D91E8A269F00B2BEF3 /* ConcreteProduct.cpp in Sources */,
				5CD714D61E8A259700B2BEF3 /* Product.cpp in Sources */,
			);
			runOnlyForDeploymentPostprocessing = 0;
		};
/* End PBXSourcesBuildPhase section */

/* Begin XCBuildConfiguration section */
		5C5E8D0C1E8A19670074CD26 /* Debug */ = {
			isa = XCBuildConfiguration;
			buildSettings = {
				DEVELOPMENT_TEAM = 7C42L52533;
				PRODUCT_NAME = "$(TARGET_NAME)";
			};
			name = Debug;
		};
		5C5E8D0D1E8A19670074CD26 /* Release */ = {
			isa = XCBuildConfiguration;
			buildSettings = {
				DEVELOPMENT_TEAM = 7C42L52533;
				PRODUCT_NAME = "$(TARGET_NAME)";
			};
			name = Release;
		};
		5CA1478D1E8CA2850099E0B3 /* Debug */ = {
			isa = XCBuildConfiguration;
			buildSettings = {
				DEVELOPMENT_TEAM = 7C42L52533;
				PRODUCT_NAME = "$(TARGET_NAME)";
			};
			name = Debug;
		};
		5CA1478E1E8CA2850099E0B3 /* Release */ = {
			isa = XCBuildConfiguration;
			buildSettings = {
				DEVELOPMENT_TEAM = 7C42L52533;
				PRODUCT_NAME = "$(TARGET_NAME)";
			};
			name = Release;
		};
		5CCC095D1E89644700BFC39B /* Debug */ = {
			isa = XCBuildConfiguration;
			buildSettings = {
				ALWAYS_SEARCH_USER_PATHS = NO;
				CLANG_ANALYZER_NONNULL = YES;
				CLANG_CXX_LANGUAGE_STANDARD = "gnu++0x";
				CLANG_CXX_LIBRARY = "libc++";
				CLANG_ENABLE_MODULES = YES;
				CLANG_ENABLE_OBJC_ARC = YES;
				CLANG_WARN_BOOL_CONVERSION = YES;
				CLANG_WARN_CONSTANT_CONVERSION = YES;
				CLANG_WARN_DIRECT_OBJC_ISA_USAGE = YES_ERROR;
				CLANG_WARN_DOCUMENTATION_COMMENTS = YES;
				CLANG_WARN_EMPTY_BODY = YES;
				CLANG_WARN_ENUM_CONVERSION = YES;
				CLANG_WARN_INFINITE_RECURSION = YES;
				CLANG_WARN_INT_CONVERSION = YES;
				CLANG_WARN_OBJC_ROOT_CLASS = YES_ERROR;
				CLANG_WARN_SUSPICIOUS_MOVE = YES;
				CLANG_WARN_UNREACHABLE_CODE = YES;
				CLANG_WARN__DUPLICATE_METHOD_MATCH = YES;
				CODE_SIGN_IDENTITY = "-";
				COPY_PHASE_STRIP = NO;
				DEBUG_INFORMATION_FORMAT = dwarf;
				ENABLE_STRICT_OBJC_MSGSEND = YES;
				ENABLE_TESTABILITY = YES;
				GCC_C_LANGUAGE_STANDARD = gnu99;
				GCC_DYNAMIC_NO_PIC = NO;
				GCC_NO_COMMON_BLOCKS = YES;
				GCC_OPTIMIZATION_LEVEL = 0;
				GCC_PREPROCESSOR_DEFINITIONS = (
					"DEBUG=1",
					"$(inherited)",
				);
				GCC_WARN_64_TO_32_BIT_CONVERSION = YES;
				GCC_WARN_ABOUT_RETURN_TYPE = YES_ERROR;
				GCC_WARN_UNDECLARED_SELECTOR = YES;
				GCC_WARN_UNINITIALIZED_AUTOS = YES_AGGRESSIVE;
				GCC_WARN_UNUSED_FUNCTION = YES;
				GCC_WARN_UNUSED_VARIABLE = YES;
				MACOSX_DEPLOYMENT_TARGET = 10.12;
				MTL_ENABLE_DEBUG_INFO = YES;
				ONLY_ACTIVE_ARCH = YES;
				SDKROOT = macosx;
			};
			name = Debug;
		};
		5CCC095E1E89644700BFC39B /* Release */ = {
			isa = XCBuildConfiguration;
			buildSettings = {
				ALWAYS_SEARCH_USER_PATHS = NO;
				CLANG_ANALYZER_NONNULL = YES;
				CLANG_CXX_LANGUAGE_STANDARD = "gnu++0x";
				CLANG_CXX_LIBRARY = "libc++";
				CLANG_ENABLE_MODULES = YES;
				CLANG_ENABLE_OBJC_ARC = YES;
				CLANG_WARN_BOOL_CONVERSION = YES;
				CLANG_WARN_CONSTANT_CONVERSION = YES;
				CLANG_WARN_DIRECT_OBJC_ISA_USAGE = YES_ERROR;
				CLANG_WARN_DOCUMENTATION_COMMENTS = YES;
				CLANG_WARN_EMPTY_BODY = YES;
				CLANG_WARN_ENUM_CONVERSION = YES;
				CLANG_WARN_INFINITE_RECURSION = YES;
				CLANG_WARN_INT_CONVERSION = YES;
				CLANG_WARN_OBJC_ROOT_CLASS = YES_ERROR;
				CLANG_WARN_SUSPICIOUS_MOVE = YES;
				CLANG_WARN_UNREACHABLE_CODE = YES;
				CLANG_WARN__DUPLICATE_METHOD_MATCH = YES;
				CODE_SIGN_IDENTITY = "-";
				COPY_PHASE_STRIP = NO;
				DEBUG_INFORMATION_FORMAT = "dwarf-with-dsym";
				ENABLE_NS_ASSERTIONS = NO;
				ENABLE_STRICT_OBJC_MSGSEND = YES;
				GCC_C_LANGUAGE_STANDARD = gnu99;
				GCC_NO_COMMON_BLOCKS = YES;
				GCC_WARN_64_TO_32_BIT_CONVERSION = YES;
				GCC_WARN_ABOUT_RETURN_TYPE = YES_ERROR;
				GCC_WARN_UNDECLARED_SELECTOR = YES;
				GCC_WARN_UNINITIALIZED_AUTOS = YES_AGGRESSIVE;
				GCC_WARN_UNUSED_FUNCTION = YES;
				GCC_WARN_UNUSED_VARIABLE = YES;
				MACOSX_DEPLOYMENT_TARGET = 10.12;
				MTL_ENABLE_DEBUG_INFO = NO;
				SDKROOT = macosx;
			};
			name = Release;
		};
		5CCC09601E89644700BFC39B /* Debug */ = {
			isa = XCBuildConfiguration;
			buildSettings = {
				DEVELOPMENT_TEAM = 7C42L52533;
				PRODUCT_NAME = "$(TARGET_NAME)";
			};
			name = Debug;
		};
		5CCC09611E89644700BFC39B /* Release */ = {
			isa = XCBuildConfiguration;
			buildSettings = {
				DEVELOPMENT_TEAM = 7C42L52533;
				PRODUCT_NAME = "$(TARGET_NAME)";
			};
			name = Release;
		};
		5CD714D11E8A257E00B2BEF3 /* Debug */ = {
			isa = XCBuildConfiguration;
			buildSettings = {
				DEVELOPMENT_TEAM = 7C42L52533;
				PRODUCT_NAME = "$(TARGET_NAME)";
			};
			name = Debug;
		};
		5CD714D21E8A257E00B2BEF3 /* Release */ = {
			isa = XCBuildConfiguration;
			buildSettings = {
				DEVELOPMENT_TEAM = 7C42L52533;
				PRODUCT_NAME = "$(TARGET_NAME)";
			};
			name = Release;
		};
/* End XCBuildConfiguration section */

/* Begin XCConfigurationList section */
		5C5E8D0E1E8A19670074CD26 /* Build configuration list for PBXNativeTarget "01SImpleFactory" */ = {
			isa = XCConfigurationList;
			buildConfigurations = (
				5C5E8D0C1E8A19670074CD26 /* Debug */,
				5C5E8D0D1E8A19670074CD26 /* Release */,
			);
			defaultConfigurationIsVisible = 0;
			defaultConfigurationName = Release;
		};
		5CA1478F1E8CA2850099E0B3 /* Build configuration list for PBXNativeTarget "03builder" */ = {
			isa = XCConfigurationList;
			buildConfigurations = (
				5CA1478D1E8CA2850099E0B3 /* Debug */,
				5CA1478E1E8CA2850099E0B3 /* Release */,
			);
			defaultConfigurationIsVisible = 0;
		};
		5CCC09531E89644700BFC39B /* Build configuration list for PBXProject "DesignPattern" */ = {
			isa = XCConfigurationList;
			buildConfigurations = (
				5CCC095D1E89644700BFC39B /* Debug */,
				5CCC095E1E89644700BFC39B /* Release */,
			);
			defaultConfigurationIsVisible = 0;
			defaultConfigurationName = Release;
		};
		5CCC095F1E89644700BFC39B /* Build configuration list for PBXNativeTarget "DesignPattern" */ = {
			isa = XCConfigurationList;
			buildConfigurations = (
				5CCC09601E89644700BFC39B /* Debug */,
				5CCC09611E89644700BFC39B /* Release */,
			);
			defaultConfigurationIsVisible = 0;
			defaultConfigurationName = Release;
		};
		5CD714D31E8A257E00B2BEF3 /* Build configuration list for PBXNativeTarget "02FactoryMethod" */ = {
			isa = XCConfigurationList;
			buildConfigurations = (
				5CD714D11E8A257E00B2BEF3 /* Debug */,
				5CD714D21E8A257E00B2BEF3 /* Release */,
			);
			defaultConfigurationIsVisible = 0;
			defaultConfigurationName = Release;
		};
/* End XCConfigurationList section */
	};
	rootObject = 5CCC09501E89644700BFC39B /* Project object */;
}
